{
  "requires": true,
  "lockfileVersion": 1,
  "dependencies": {
    "@ztree/ztree_v3": {
      "version": "3.5.48",
      "resolved": "https://registry.npmjs.org/@ztree/ztree_v3/-/ztree_v3-3.5.48.tgz",
      "integrity": "sha512-4dSA1g26T3j/O3I89+r/Palg+a+xwMGRS1etZoggnCGBPoOrwW8VGA3zitJCK/Yd7eEMX+LfKTRJjEGiWpoN3w==",
      "requires": {
        "jquery": ">=1.4.4"
      }
    },
    "jquery": {
      "version": "3.6.0",
      "resolved": "https://registry.npmjs.org/jquery/-/jquery-3.6.0.tgz",
      "integrity": "sha512-JVzAR/AjBvVt2BmYhxRCSYysDsPcssdmTFnzyLEts9qNwmjmu4JTAMYubEfwVOSwpQ1I1sKKFcxhZCI2buerfw=="
    }
  }
}
